
Microsoft Visual Studio Solution File, Format Version 12.00
# Visual Studio Version 17
VisualStudioVersion = 17.0.31903.59
MinimumVisualStudioVersion = 10.0.40219.1
Project("{FAE04EC0-301F-11D3-BF4B-00C04F79EFBC}") = "VoiceStudio.Core", "src/Core/VoiceStudio.Core.csproj", "{3E6C5412-2C36-4B53-9F82-8E36B0C0E0B1}"
EndProject
Project("{FAE04EC0-301F-11D3-BF4B-00C04F79EFBC}") = "VoiceStudio.Client", "src/Client/VoiceStudio.Client.csproj", "{7A2C6B69-9B8B-4DD0-9B5D-7FA13C3B5E11}"
EndProject
Project("{FAE04EC0-301F-11D3-BF4B-00C04F79EFBC}") = "VoiceStudio.PluginHost", "src/PluginHost/VoiceStudio.PluginHost.csproj", "{B0E59C2C-32CF-4BA0-A2B0-BB706E4C1D15}"
EndProject
Project("{FAE04EC0-301F-11D3-BF4B-00C04F79EFBC}") = "VoiceStudio.UI", "VoiceStudio.UI/VoiceStudio.UI.csproj", "{F5C6D5F5-1F9B-4C9B-8E54-7B4F2BA3C2AB}"
EndProject
Global
	GlobalSection(SolutionConfigurationPlatforms) = preSolution
		Debug|Any CPU = Debug|Any CPU
		Release|Any CPU = Release|Any CPU
	EndGlobalSection
	GlobalSection(ProjectConfigurationPlatforms) = postSolution
		{3E6C5412-2C36-4B53-9F82-8E36B0C0E0B1}.Debug|Any CPU.ActiveCfg = Debug|Any CPU
		{3E6C5412-2C36-4B53-9F82-8E36B0C0E0B1}.Debug|Any CPU.Build.0 = Debug|Any CPU
		{3E6C5412-2C36-4B53-9F82-8E36B0C0E0B1}.Release|Any CPU.ActiveCfg = Release|Any CPU
		{3E6C5412-2C36-4B53-9F82-8E36B0C0E0B1}.Release|Any CPU.Build.0 = Release|Any CPU
		{7A2C6B69-9B8B-4DD0-9B5D-7FA13C3B5E11}.Debug|Any CPU.ActiveCfg = Debug|Any CPU
		{7A2C6B69-9B8B-4DD0-9B5D-7FA13C3B5E11}.Debug|Any CPU.Build.0 = Debug|Any CPU
		{7A2C6B69-9B8B-4DD0-9B5D-7FA13C3B5E11}.Release|Any CPU.ActiveCfg = Release|Any CPU
		{7A2C6B69-9B8B-4DD0-9B5D-7FA13C3B5E11}.Release|Any CPU.Build.0 = Release|Any CPU
		{B0E59C2C-32CF-4BA0-A2B0-BB706E4C1D15}.Debug|Any CPU.ActiveCfg = Debug|Any CPU
		{B0E59C2C-32CF-4BA0-A2B0-BB706E4C1D15}.Debug|Any CPU.Build.0 = Debug|Any CPU
		{B0E59C2C-32CF-4BA0-A2B0-BB706E4C1D15}.Release|Any CPU.ActiveCfg = Release|Any CPU
		{B0E59C2C-32CF-4BA0-A2B0-BB706E4C1D15}.Release|Any CPU.Build.0 = Release|Any CPU
		{F5C6D5F5-1F9B-4C9B-8E54-7B4F2BA3C2AB}.Debug|Any CPU.ActiveCfg = Debug|Any CPU
		{F5C6D5F5-1F9B-4C9B-8E54-7B4F2BA3C2AB}.Debug|Any CPU.Build.0 = Debug|Any CPU
		{F5C6D5F5-1F9B-4C9B-8E54-7B4F2BA3C2AB}.Release|Any CPU.ActiveCfg = Release|Any CPU
		{F5C6D5F5-1F9B-4C9B-8E54-7B4F2BA3C2AB}.Release|Any CPU.Build.0 = Release|Any CPU
	EndGlobalSection
EndGlobal
